
Microsoft Visual Studio Solution File, Format Version 12.00
# Visual Studio Version 17
VisualStudioVersion = 17.9.34723.18
MinimumVisualStudioVersion = 10.0.40219.1
Project("{911E67C6-3D85-4FCE-B560-20A9C3E3FF48}") = "electron", "..\..\src\src\out\Debug\electron.exe", "{9A28011F-2630-4331-9199-9C86DE68C667}"
	ProjectSection(DebuggerProjectSystem) = preProject
		PortSupplier = 00000000-0000-0000-0000-000000000000
		Executable = E:\electron\22.0.0-dev\src\src\out\Release\electron.exe
		RemoteMachine = WIN-AR53E5R81MS
		StartingDirectory = E:\electron\22.0.0-dev\src\src\out\Release
		Arguments = E:\electron\22.0.0-dev\debug\quick-start
		Environment = 默认值
		LaunchingEngine = 00000000-0000-0000-0000-000000000000
		UseLegacyDebugEngines = No
		LaunchSQLEngine = No
		AttachLaunchAction = No
		IORedirection = Auto
	EndProjectSection
EndProject
Global
	GlobalSection(SolutionConfigurationPlatforms) = preSolution
		Release|x64 = Release|x64
	EndGlobalSection
	GlobalSection(ProjectConfigurationPlatforms) = postSolution
		{9A28011F-2630-4331-9199-9C86DE68C667}.Release|x64.ActiveCfg = Release|x64
	EndGlobalSection
	GlobalSection(SolutionProperties) = preSolution
		HideSolutionNode = FALSE
	EndGlobalSection
	GlobalSection(ExtensibilityGlobals) = postSolution
		SolutionGuid = {A5DEBC44-6C4F-472D-9E7B-ADAED697D803}
	EndGlobalSection
EndGlobal
